Microsoft Visual Studio Solution File, Format Version 12.00
# Visual Studio Version 17
VisualStudioVersion = 17.5.2.0
MinimumVisualStudioVersion = 10.0.40219.1
Project("{FAE04EC0-301F-11D3-BF4B-00C04F79EFBC}") = "InvestTracker", "InvestTracker.csproj", "{D72ADB14-9670-C9AD-7E0B-C5959983815E}"
EndProject
Global
	GlobalSection(SolutionConfigurationPlatforms) = preSolution
		Debug|Any CPU = Debug|Any CPU
		Release|Any CPU = Release|Any CPU
	EndGlobalSection
	GlobalSection(ProjectConfigurationPlatforms) = postSolution
		{D72ADB14-9670-C9AD-7E0B-C5959983815E}.Debug|Any CPU.ActiveCfg = Debug|Any CPU
		{D72ADB14-9670-C9AD-7E0B-C5959983815E}.Debug|Any CPU.Build.0 = Debug|Any CPU
		{D72ADB14-9670-C9AD-7E0B-C5959983815E}.Release|Any CPU.ActiveCfg = Release|Any CPU
		{D72ADB14-9670-C9AD-7E0B-C5959983815E}.Release|Any CPU.Build.0 = Release|Any CPU
	EndGlobalSection
	GlobalSection(SolutionProperties) = preSolution
		HideSolutionNode = FALSE
	EndGlobalSection
	GlobalSection(ExtensibilityGlobals) = postSolution
		SolutionGuid = {EF54FABE-B67E-4631-B84E-713F7ED9FBEB}
	EndGlobalSection
EndGlobal
